
Microsoft Visual Studio Solution File, Format Version 12.00
# Visual Studio Version 17
VisualStudioVersion = 17.4.33122.133
MinimumVisualStudioVersion = 10.0.40219.1
Project("{FAE04EC0-301F-11D3-BF4B-00C04F79EFBC}") = "DbFirstNorthWind", "DbFirstNorthWind\DbFirstNorthWind.csproj", "{37AA8B6F-297E-4926-A9EB-522B6031F956}"
EndProject
Project("{FAE04EC0-301F-11D3-BF4B-00C04F79EFBC}") = "TestNorthWind", "TestNorthWind\TestNorthWind.csproj", "{5B22FB94-B3A5-4F71-B75F-C39FB65AA98E}"
EndProject
Project("{FAE04EC0-301F-11D3-BF4B-00C04F79EFBC}") = "NorthWind", "ConsoleApp1\NorthWind.csproj", "{3A21B438-C730-4768-9D06-96A8140709CD}"
EndProject
Global
	GlobalSection(SolutionConfigurationPlatforms) = preSolution
		Debug|Any CPU = Debug|Any CPU
		Release|Any CPU = Release|Any CPU
	EndGlobalSection
	GlobalSection(ProjectConfigurationPlatforms) = postSolution
		{37AA8B6F-297E-4926-A9EB-522B6031F956}.Debug|Any CPU.ActiveCfg = Debug|Any CPU
		{37AA8B6F-297E-4926-A9EB-522B6031F956}.Debug|Any CPU.Build.0 = Debug|Any CPU
		{37AA8B6F-297E-4926-A9EB-522B6031F956}.Release|Any CPU.ActiveCfg = Release|Any CPU
		{37AA8B6F-297E-4926-A9EB-522B6031F956}.Release|Any CPU.Build.0 = Release|Any CPU
		{5B22FB94-B3A5-4F71-B75F-C39FB65AA98E}.Debug|Any CPU.ActiveCfg = Debug|Any CPU
		{5B22FB94-B3A5-4F71-B75F-C39FB65AA98E}.Debug|Any CPU.Build.0 = Debug|Any CPU
		{5B22FB94-B3A5-4F71-B75F-C39FB65AA98E}.Release|Any CPU.ActiveCfg = Release|Any CPU
		{5B22FB94-B3A5-4F71-B75F-C39FB65AA98E}.Release|Any CPU.Build.0 = Release|Any CPU
		{3A21B438-C730-4768-9D06-96A8140709CD}.Debug|Any CPU.ActiveCfg = Debug|Any CPU
		{3A21B438-C730-4768-9D06-96A8140709CD}.Debug|Any CPU.Build.0 = Debug|Any CPU
		{3A21B438-C730-4768-9D06-96A8140709CD}.Release|Any CPU.ActiveCfg = Release|Any CPU
		{3A21B438-C730-4768-9D06-96A8140709CD}.Release|Any CPU.Build.0 = Release|Any CPU
	EndGlobalSection
	GlobalSection(SolutionProperties) = preSolution
		HideSolutionNode = FALSE
	EndGlobalSection
	GlobalSection(ExtensibilityGlobals) = postSolution
		SolutionGuid = {68EAD31A-1D3C-4FD4-9654-C7BADD64D38B}
	EndGlobalSection
EndGlobal
